// !$*UTF8*$!
{
	archiveVersion = 1;
	classes = {
	};
	objectVersion = 77;
	objects = {

/* Begin PBXBuildFile section */
		3530E68F2CE3D69400456A0F /* README.md in Resources */ = {isa = PBXBuildFile; fileRef = 3530E68E2CE3D69400456A0F /* README.md */; };
		3530E6912CE3D6B800456A0F /* gitignore.txt in Resources */ = {isa = PBXBuildFile; fileRef = 3530E6902CE3D6B800456A0F /* gitignore.txt */; };
		3530E6932CE3D6D200456A0F /* license.md in Resources */ = {isa = PBXBuildFile; fileRef = 3530E6922CE3D6D200456A0F /* license.md */; };
/* End PBXBuildFile section */

/* Begin PBXContainerItemProxy section */
		3530E6412CE3B94D00456A0F /* PBXContainerItemProxy */ = {
			isa = PBXContainerItemProxy;
			containerPortal = 3530E6282CE3B94B00456A0F /* Project object */;
			proxyType = 1;
			remoteGlobalIDString = 3530E62F2CE3B94B00456A0F;
			remoteInfo = NewsDigestApp;
		};
		3530E64B2CE3B94D00456A0F /* PBXContainerItemProxy */ = {
			isa = PBXContainerItemProxy;
			containerPortal = 3530E6282CE3B94B00456A0F /* Project object */;
			proxyType = 1;
			remoteGlobalIDString = 3530E62F2CE3B94B00456A0F;
			remoteInfo = NewsDigestApp;
		};
/* End PBXContainerItemProxy section */

/* Begin PBXFileReference section */
		3530E6302CE3B94B00456A0F /* NewsDigestApp.app */ = {isa = PBXFileReference; explicitFileType = wrapper.application; includeInIndex = 0; path = NewsDigestApp.app; sourceTree = BUILT_PRODUCTS_DIR; };
		3530E6402CE3B94D00456A0F /* NewsDigestAppTests.xctest */ = {isa = PBXFileReference; explicitFileType = wrapper.cfbundle; includeInIndex = 0; path = NewsDigestAppTests.xctest; sourceTree = BUILT_PRODUCTS_DIR; };
		3530E64A2CE3B94D00456A0F /* NewsDigestAppUITests.xctest */ = {isa = PBXFileReference; explicitFileType = wrapper.cfbundle; includeInIndex = 0; path = NewsDigestAppUITests.xctest; sourceTree = BUILT_PRODUCTS_DIR; };
		3530E68E2CE3D69400456A0F /* README.md */ = {isa = PBXFileReference; lastKnownFileType = net.daringfireball.markdown; path = README.md; sourceTree = "<group>"; };
		3530E6902CE3D6B800456A0F /* gitignore.txt */ = {isa = PBXFileReference; lastKnownFileType = text; path = gitignore.txt; sourceTree = "<group>"; };
		3530E6922CE3D6D200456A0F /* license.md */ = {isa = PBXFileReference; lastKnownFileType = net.daringfireball.markdown; path = license.md; sourceTree = "<group>"; };
/* End PBXFileReference section */

/* Begin PBXFileSystemSynchronizedRootGroup section */
		3530E6322CE3B94B00456A0F /* NewsDigestApp */ = {
			isa = PBXFileSystemSynchronizedRootGroup;
			path = NewsDigestApp;
			sourceTree = "<group>";
		};
		3530E6432CE3B94D00456A0F /* NewsDigestAppTests */ = {
			isa = PBXFileSystemSynchronizedRootGroup;
			path = NewsDigestAppTests;
			sourceTree = "<group>";
		};
		3530E64D2CE3B94D00456A0F /* NewsDigestAppUITests */ = {
			isa = PBXFileSystemSynchronizedRootGroup;
			path = NewsDigestAppUITests;
			sourceTree = "<group>";
		};
/* End PBXFileSystemSynchronizedRootGroup section */

/* Begin PBXFrameworksBuildPhase section */
		3530E62D2CE3B94B00456A0F /* Frameworks */ = {
			isa = PBXFrameworksBuildPhase;
			buildActionMask = 2147483647;
			files = (
			);
			runOnlyForDeploymentPostprocessing = 0;
		};
		3530E63D2CE3B94D00456A0F /* Frameworks */ = {
			isa = PBXFrameworksBuildPhase;
			buildActionMask = 2147483647;
			files = (
			);
			runOnlyForDeploymentPostprocessing = 0;
		};
		3530E6472CE3B94D00456A0F /* Frameworks */ = {
			isa = PBXFrameworksBuildPhase;
			buildActionMask = 2147483647;
			files = (
			);
			runOnlyForDeploymentPostprocessing = 0;
		};
/* End PBXFrameworksBuildPhase section */

/* Begin PBXGroup section */
		3530E6272CE3B94B00456A0F = {
			isa = PBXGroup;
			children = (
				3530E68E2CE3D69400456A0F /* README.md */,
				3530E6922CE3D6D200456A0F /* license.md */,
				3530E6902CE3D6B800456A0F /* gitignore.txt */,
				3530E6322CE3B94B00456A0F /* NewsDigestApp */,
				3530E6432CE3B94D00456A0F /* NewsDigestAppTests */,
				3530E64D2CE3B94D00456A0F /* NewsDigestAppUITests */,
				3530E6312CE3B94B00456A0F /* Products */,
			);
			sourceTree = "<group>";
		};
		3530E6312CE3B94B00456A0F /* Products */ = {
			isa = PBXGroup;
			children = (
				3530E6302CE3B94B00456A0F /* NewsDigestApp.app */,
				3530E6402CE3B94D00456A0F /* NewsDigestAppTests.xctest */,
				3530E64A2CE3B94D00456A0F /* NewsDigestAppUITests.xctest */,
			);
			name = Products;
			sourceTree = "<group>";
		};
/* End PBXGroup section */

/* Begin PBXNativeTarget section */
		3530E62F2CE3B94B00456A0F /* NewsDigestApp */ = {
			isa = PBXNativeTarget;
			buildConfigurationList = 3530E6542CE3B94D00456A0F /* Build configuration list for PBXNativeTarget "NewsDigestApp" */;
			buildPhases = (
				3530E62C2CE3B94B00456A0F /* Sources */,
				3530E62D2CE3B94B00456A0F /* Frameworks */,
				3530E62E2CE3B94B00456A0F /* Resources */,
			);
			buildRules = (
			);
			dependencies = (
			);
			fileSystemSynchronizedGroups = (
				3530E6322CE3B94B00456A0F /* NewsDigestApp */,
			);
			name = NewsDigestApp;
			packageProductDependencies = (
			);
			productName = NewsDigestApp;
			productReference = 3530E6302CE3B94B00456A0F /* NewsDigestApp.app */;
			productType = "com.apple.product-type.application";
		};
		3530E63F2CE3B94D00456A0F /* NewsDigestAppTests */ = {
			isa = PBXNativeTarget;
			buildConfigurationList = 3530E6572CE3B94D00456A0F /* Build configuration list for PBXNativeTarget "NewsDigestAppTests" */;
			buildPhases = (
				3530E63C2CE3B94D00456A0F /* Sources */,
				3530E63D2CE3B94D00456A0F /* Frameworks */,
				3530E63E2CE3B94D00456A0F /* Resources */,
			);
			buildRules = (
			);
			dependencies = (
				3530E6422CE3B94D00456A0F /* PBXTargetDependency */,
			);
			fileSystemSynchronizedGroups = (
				3530E6432CE3B94D00456A0F /* NewsDigestAppTests */,
			);
			name = NewsDigestAppTests;
			packageProductDependencies = (
			);
			productName = NewsDigestAppTests;
			productReference = 3530E6402CE3B94D00456A0F /* NewsDigestAppTests.xctest */;
			productType = "com.apple.product-type.bundle.unit-test";
		};
		3530E6492CE3B94D00456A0F /* NewsDigestAppUITests */ = {
			isa = PBXNativeTarget;
			buildConfigurationList = 3530E65A2CE3B94D00456A0F /* Build configuration list for PBXNativeTarget "NewsDigestAppUITests" */;
			buildPhases = (
				3530E6462CE3B94D00456A0F /* Sources */,
				3530E6472CE3B94D00456A0F /* Frameworks */,
				3530E6482CE3B94D00456A0F /* Resources */,
			);
			buildRules = (
			);
			dependencies = (
				3530E64C2CE3B94D00456A0F /* PBXTargetDependency */,
			);
			fileSystemSynchronizedGroups = (
				3530E64D2CE3B94D00456A0F /* NewsDigestAppUITests */,
			);
			name = NewsDigestAppUITests;
			packageProductDependencies = (
			);
			productName = NewsDigestAppUITests;
			productReference = 3530E64A2CE3B94D00456A0F /* NewsDigestAppUITests.xctest */;
			productType = "com.apple.product-type.bundle.ui-testing";
		};
/* End PBXNativeTarget section */

/* Begin PBXProject section */
		3530E6282CE3B94B00456A0F /* Project object */ = {
			isa = PBXProject;
			attributes = {
				BuildIndependentTargetsInParallel = 1;
				LastSwiftUpdateCheck = 1600;
				LastUpgradeCheck = 1600;
				TargetAttributes = {
					3530E62F2CE3B94B00456A0F = {
						CreatedOnToolsVersion = 16.0;
					};
					3530E63F2CE3B94D00456A0F = {
						CreatedOnToolsVersion = 16.0;
						TestTargetID = 3530E62F2CE3B94B00456A0F;
					};
					3530E6492CE3B94D00456A0F = {
						CreatedOnToolsVersion = 16.0;
						TestTargetID = 3530E62F2CE3B94B00456A0F;
					};
				};
			};
			buildConfigurationList = 3530E62B2CE3B94B00456A0F /* Build configuration list for PBXProject "NewsDigestApp" */;
			developmentRegion = en;
			hasScannedForEncodings = 0;
			knownRegions = (
				en,
				Base,
			);
			mainGroup = 3530E6272CE3B94B00456A0F;
			minimizedProjectReferenceProxies = 1;
			preferredProjectObjectVersion = 77;
			productRefGroup = 3530E6312CE3B94B00456A0F /* Products */;
			projectDirPath = "";
			projectRoot = "";
			targets = (
				3530E62F2CE3B94B00456A0F /* NewsDigestApp */,
				3530E63F2CE3B94D00456A0F /* NewsDigestAppTests */,
				3530E6492CE3B94D00456A0F /* NewsDigestAppUITests */,
			);
		};
/* End PBXProject section */

/* Begin PBXResourcesBuildPhase section */
		3530E62E2CE3B94B00456A0F /* Resources */ = {
			isa = PBXResourcesBuildPhase;
			buildActionMask = 2147483647;
			files = (
				3530E6932CE3D6D200456A0F /* license.md in Resources */,
				3530E68F2CE3D69400456A0F /* README.md in Resources */,
				3530E6912CE3D6B800456A0F /* gitignore.txt in Resources */,
			);
			runOnlyForDeploymentPostprocessing = 0;
		};
		3530E63E2CE3B94D00456A0F /* Resources */ = {
			isa = PBXResourcesBuildPhase;
			buildActionMask = 2147483647;
			files = (
			);
			runOnlyForDeploymentPostprocessing = 0;
		};
		3530E6482CE3B94D00456A0F /* Resources */ = {
			isa = PBXResourcesBuildPhase;
			buildActionMask = 2147483647;
			files = (
			);
			runOnlyForDeploymentPostprocessing = 0;
		};
/* End PBXResourcesBuildPhase section */

/* Begin PBXSourcesBuildPhase section */
		3530E62C2CE3B94B00456A0F /* Sources */ = {
			isa = PBXSourcesBuildPhase;
			buildActionMask = 2147483647;
			files = (
			);
			runOnlyForDeploymentPostprocessing = 0;
		};
		3530E63C2CE3B94D00456A0F /* Sources */ = {
			isa = PBXSourcesBuildPhase;
			buildActionMask = 2147483647;
			files = (
			);
			runOnlyForDeploymentPostprocessing = 0;
		};
		3530E6462CE3B94D00456A0F /* Sources */ = {
			isa = PBXSourcesBuildPhase;
			buildActionMask = 2147483647;
			files = (
			);
			runOnlyForDeploymentPostprocessing = 0;
		};
/* End PBXSourcesBuildPhase section */

/* Begin PBXTargetDependency section */
		3530E6422CE3B94D00456A0F /* PBXTargetDependency */ = {
			isa = PBXTargetDependency;
			target = 3530E62F2CE3B94B00456A0F /* NewsDigestApp */;
			targetProxy = 3530E6412CE3B94D00456A0F /* PBXContainerItemProxy */;
		};
		3530E64C2CE3B94D00456A0F /* PBXTargetDependency */ = {
			isa = PBXTargetDependency;
			target = 3530E62F2CE3B94B00456A0F /* NewsDigestApp */;
			targetProxy = 3530E64B2CE3B94D00456A0F /* PBXContainerItemProxy */;
		};
/* End PBXTargetDependency section */

/* Begin XCBuildConfiguration section */
		3530E6522CE3B94D00456A0F /* Debug */ = {
			isa = XCBuildConfiguration;
			buildSettings = {
				ALWAYS_SEARCH_USER_PATHS = NO;
				ASSETCATALOG_COMPILER_GENERATE_SWIFT_ASSET_SYMBOL_EXTENSIONS = YES;
				CLANG_ANALYZER_NONNULL = YES;
				CLANG_ANALYZER_NUMBER_OBJECT_CONVERSION = YES_AGGRESSIVE;
				CLANG_CXX_LANGUAGE_STANDARD = "gnu++20";
				CLANG_ENABLE_MODULES = YES;
				CLANG_ENABLE_OBJC_ARC = YES;
				CLANG_ENABLE_OBJC_WEAK = YES;
				CLANG_WARN_BLOCK_CAPTURE_AUTORELEASING = YES;
				CLANG_WARN_BOOL_CONVERSION = YES;
				CLANG_WARN_COMMA = YES;
				CLANG_WARN_CONSTANT_CONVERSION = YES;
				CLANG_WARN_DEPRECATED_OBJC_IMPLEMENTATIONS = YES;
				CLANG_WARN_DIRECT_OBJC_ISA_USAGE = YES_ERROR;
				CLANG_WARN_DOCUMENTATION_COMMENTS = YES;
				CLANG_WARN_EMPTY_BODY = YES;
				CLANG_WARN_ENUM_CONVERSION = YES;
				CLANG_WARN_INFINITE_RECURSION = YES;
				CLANG_WARN_INT_CONVERSION = YES;
				CLANG_WARN_NON_LITERAL_NULL_CONVERSION = YES;
				CLANG_WARN_OBJC_IMPLICIT_RETAIN_SELF = YES;
				CLANG_WARN_OBJC_LITERAL_CONVERSION = YES;
				CLANG_WARN_OBJC_ROOT_CLASS = YES_ERROR;
				CLANG_WARN_QUOTED_INCLUDE_IN_FRAMEWORK_HEADER = YES;
				CLANG_WARN_RANGE_LOOP_ANALYSIS = YES;
				CLANG_WARN_STRICT_PROTOTYPES = YES;
				CLANG_WARN_SUSPICIOUS_MOVE = YES;
				CLANG_WARN_UNGUARDED_AVAILABILITY = YES_AGGRESSIVE;
				CLANG_WARN_UNREACHABLE_CODE = YES;
				CLANG_WARN__DUPLICATE_METHOD_MATCH = YES;
				COPY_PHASE_STRIP = NO;
				DEBUG_INFORMATION_FORMAT = dwarf;
				ENABLE_STRICT_OBJC_MSGSEND = YES;
				ENABLE_TESTABILITY = YES;
				ENABLE_USER_SCRIPT_SANDBOXING = YES;
				GCC_C_LANGUAGE_STANDARD = gnu17;
				GCC_DYNAMIC_NO_PIC = NO;
				GCC_NO_COMMON_BLOCKS = YES;
				GCC_OPTIMIZATION_LEVEL = 0;
				GCC_PREPROCESSOR_DEFINITIONS = (
					"DEBUG=1",
					"$(inherited)",
				);
				GCC_WARN_64_TO_32_BIT_CONVERSION = YES;
				GCC_WARN_ABOUT_RETURN_TYPE = YES_ERROR;
				GCC_WARN_UNDECLARED_SELECTOR = YES;
				GCC_WARN_UNINITIALIZED_AUTOS = YES_AGGRESSIVE;
				GCC_WARN_UNUSED_FUNCTION = YES;
				GCC_WARN_UNUSED_VARIABLE = YES;
				IPHONEOS_DEPLOYMENT_TARGET = 18.0;
				LOCALIZATION_PREFERS_STRING_CATALOGS = YES;
				MTL_ENABLE_DEBUG_INFO = INCLUDE_SOURCE;
				MTL_FAST_MATH = YES;
				ONLY_ACTIVE_ARCH = YES;
				SDKROOT = iphoneos;
				SWIFT_ACTIVE_COMPILATION_CONDITIONS = "DEBUG $(inherited)";
				SWIFT_OPTIMIZATION_LEVEL = "-Onone";
			};
			name = Debug;
		};
		3530E6532CE3B94D00456A0F /* Release */ = {
			isa = XCBuildConfiguration;
			buildSettings = {
				ALWAYS_SEARCH_USER_PATHS = NO;
				ASSETCATALOG_COMPILER_GENERATE_SWIFT_ASSET_SYMBOL_EXTENSIONS = YES;
				CLANG_ANALYZER_NONNULL = YES;
				CLANG_ANALYZER_NUMBER_OBJECT_CONVERSION = YES_AGGRESSIVE;
				CLANG_CXX_LANGUAGE_STANDARD = "gnu++20";
				CLANG_ENABLE_MODULES = YES;
				CLANG_ENABLE_OBJC_ARC = YES;
				CLANG_ENABLE_OBJC_WEAK = YES;
				CLANG_WARN_BLOCK_CAPTURE_AUTORELEASING = YES;
				CLANG_WARN_BOOL_CONVERSION = YES;
				CLANG_WARN_COMMA = YES;
				CLANG_WARN_CONSTANT_CONVERSION = YES;
				CLANG_WARN_DEPRECATED_OBJC_IMPLEMENTATIONS = YES;
				CLANG_WARN_DIRECT_OBJC_ISA_USAGE = YES_ERROR;
				CLANG_WARN_DOCUMENTATION_COMMENTS = YES;
				CLANG_WARN_EMPTY_BODY = YES;
				CLANG_WARN_ENUM_CONVERSION = YES;
				CLANG_WARN_INFINITE_RECURSION = YES;
				CLANG_WARN_INT_CONVERSION = YES;
				CLANG_WARN_NON_LITERAL_NULL_CONVERSION = YES;
				CLANG_WARN_OBJC_IMPLICIT_RETAIN_SELF = YES;
				CLANG_WARN_OBJC_LITERAL_CONVERSION = YES;
				CLANG_WARN_OBJC_ROOT_CLASS = YES_ERROR;
				CLANG_WARN_QUOTED_INCLUDE_IN_FRAMEWORK_HEADER = YES;
				CLANG_WARN_RANGE_LOOP_ANALYSIS = YES;
				CLANG_WARN_STRICT_PROTOTYPES = YES;
				CLANG_WARN_SUSPICIOUS_MOVE = YES;
				CLANG_WARN_UNGUARDED_AVAILABILITY = YES_AGGRESSIVE;
				CLANG_WARN_UNREACHABLE_CODE = YES;
				CLANG_WARN__DUPLICATE_METHOD_MATCH = YES;
				COPY_PHASE_STRIP = NO;
				DEBUG_INFORMATION_FORMAT = "dwarf-with-dsym";
				ENABLE_NS_ASSERTIONS = NO;
				ENABLE_STRICT_OBJC_MSGSEND = YES;
				ENABLE_USER_SCRIPT_SANDBOXING = YES;
				GCC_C_LANGUAGE_STANDARD = gnu17;
				GCC_NO_COMMON_BLOCKS = YES;
				GCC_WARN_64_TO_32_BIT_CONVERSION = YES;
				GCC_WARN_ABOUT_RETURN_TYPE = YES_ERROR;
				GCC_WARN_UNDECLARED_SELECTOR = YES;
				GCC_WARN_UNINITIALIZED_AUTOS = YES_AGGRESSIVE;
				GCC_WARN_UNUSED_FUNCTION = YES;
				GCC_WARN_UNUSED_VARIABLE = YES;
				IPHONEOS_DEPLOYMENT_TARGET = 18.0;
				LOCALIZATION_PREFERS_STRING_CATALOGS = YES;
				MTL_ENABLE_DEBUG_INFO = NO;
				MTL_FAST_MATH = YES;
				SDKROOT = iphoneos;
				SWIFT_COMPILATION_MODE = wholemodule;
				VALIDATE_PRODUCT = YES;
			};
			name = Release;
		};
		3530E6552CE3B94D00456A0F /* Debug */ = {
			isa = XCBuildConfiguration;
			buildSettings = {
				ASSETCATALOG_COMPILER_APPICON_NAME = AppIcon;
				ASSETCATALOG_COMPILER_GLOBAL_ACCENT_COLOR_NAME = AccentColor;
				CODE_SIGN_STYLE = Automatic;
				CURRENT_PROJECT_VERSION = 1;
				DEVELOPMENT_ASSET_PATHS = "\"NewsDigestApp/Preview Content\"";
				DEVELOPMENT_TEAM = VH3AKZVZUW;
				ENABLE_PREVIEWS = YES;
				GENERATE_INFOPLIST_FILE = YES;
				INFOPLIST_KEY_UIApplicationSceneManifest_Generation = YES;
				INFOPLIST_KEY_UIApplicationSupportsIndirectInputEvents = YES;
				INFOPLIST_KEY_UILaunchScreen_Generation = YES;
				INFOPLIST_KEY_UISupportedInterfaceOrientations_iPad = "UIInterfaceOrientationPortrait UIInterfaceOrientationPortraitUpsideDown UIInterfaceOrientationLandscapeLeft UIInterfaceOrientationLandscapeRight";
				INFOPLIST_KEY_UISupportedInterfaceOrientations_iPhone = "UIInterfaceOrientationPortrait UIInterfaceOrientationLandscapeLeft UIInterfaceOrientationLandscapeRight";
				LD_RUNPATH_SEARCH_PATHS = (
					"$(inherited)",
					"@executable_path/Frameworks",
				);
				MARKETING_VERSION = 1.0;
				PRODUCT_BUNDLE_IDENTIFIER = com.beckkhamitov.NewsDigestApp;
				PRODUCT_NAME = "$(TARGET_NAME)";
				SWIFT_EMIT_LOC_STRINGS = YES;
				SWIFT_VERSION = 5.0;
				TARGETED_DEVICE_FAMILY = "1,2";
			};
			name = Debug;
		};
		3530E6562CE3B94D00456A0F /* Release */ = {
			isa = XCBuildConfiguration;
			buildSettings = {
				ASSETCATALOG_COMPILER_APPICON_NAME = AppIcon;
				ASSETCATALOG_COMPILER_GLOBAL_ACCENT_COLOR_NAME = AccentColor;
				CODE_SIGN_STYLE = Automatic;
				CURRENT_PROJECT_VERSION = 1;
				DEVELOPMENT_ASSET_PATHS = "\"NewsDigestApp/Preview Content\"";
				DEVELOPMENT_TEAM = VH3AKZVZUW;
				ENABLE_PREVIEWS = YES;
				GENERATE_INFOPLIST_FILE = YES;
				INFOPLIST_KEY_UIApplicationSceneManifest_Generation = YES;
				INFOPLIST_KEY_UIApplicationSupportsIndirectInputEvents = YES;
				INFOPLIST_KEY_UILaunchScreen_Generation = YES;
				INFOPLIST_KEY_UISupportedInterfaceOrientations_iPad = "UIInterfaceOrientationPortrait UIInterfaceOrientationPortraitUpsideDown UIInterfaceOrientationLandscapeLeft UIInterfaceOrientationLandscapeRight";
				INFOPLIST_KEY_UISupportedInterfaceOrientations_iPhone = "UIInterfaceOrientationPortrait UIInterfaceOrientationLandscapeLeft UIInterfaceOrientationLandscapeRight";
				LD_RUNPATH_SEARCH_PATHS = (
					"$(inherited)",
					"@executable_path/Frameworks",
				);
				MARKETING_VERSION = 1.0;
				PRODUCT_BUNDLE_IDENTIFIER = com.beckkhamitov.NewsDigestApp;
				PRODUCT_NAME = "$(TARGET_NAME)";
				SWIFT_EMIT_LOC_STRINGS = YES;
				SWIFT_VERSION = 5.0;
				TARGETED_DEVICE_FAMILY = "1,2";
			};
			name = Release;
		};
		3530E6582CE3B94D00456A0F /* Debug */ = {
			isa = XCBuildConfiguration;
			buildSettings = {
				BUNDLE_LOADER = "$(TEST_HOST)";
				CODE_SIGN_STYLE = Automatic;
				CURRENT_PROJECT_VERSION = 1;
				DEVELOPMENT_TEAM = VH3AKZVZUW;
				GENERATE_INFOPLIST_FILE = YES;
				IPHONEOS_DEPLOYMENT_TARGET = 18.0;
				MARKETING_VERSION = 1.0;
				PRODUCT_BUNDLE_IDENTIFIER = com.beckkhamitov.NewsDigestAppTests;
				PRODUCT_NAME = "$(TARGET_NAME)";
				SWIFT_EMIT_LOC_STRINGS = NO;
				SWIFT_VERSION = 5.0;
				TARGETED_DEVICE_FAMILY = "1,2";
				TEST_HOST = "$(BUILT_PRODUCTS_DIR)/NewsDigestApp.app/$(BUNDLE_EXECUTABLE_FOLDER_PATH)/NewsDigestApp";
			};
			name = Debug;
		};
		3530E6592CE3B94D00456A0F /* Release */ = {
			isa = XCBuildConfiguration;
			buildSettings = {
				BUNDLE_LOADER = "$(TEST_HOST)";
				CODE_SIGN_STYLE = Automatic;
				CURRENT_PROJECT_VERSION = 1;
				DEVELOPMENT_TEAM = VH3AKZVZUW;
				GENERATE_INFOPLIST_FILE = YES;
				IPHONEOS_DEPLOYMENT_TARGET = 18.0;
				MARKETING_VERSION = 1.0;
				PRODUCT_BUNDLE_IDENTIFIER = com.beckkhamitov.NewsDigestAppTests;
				PRODUCT_NAME = "$(TARGET_NAME)";
				SWIFT_EMIT_LOC_STRINGS = NO;
				SWIFT_VERSION = 5.0;
				TARGETED_DEVICE_FAMILY = "1,2";
				TEST_HOST = "$(BUILT_PRODUCTS_DIR)/NewsDigestApp.app/$(BUNDLE_EXECUTABLE_FOLDER_PATH)/NewsDigestApp";
			};
			name = Release;
		};
		3530E65B2CE3B94D00456A0F /* Debug */ = {
			isa = XCBuildConfiguration;
			buildSettings = {
				CODE_SIGN_STYLE = Automatic;
				CURRENT_PROJECT_VERSION = 1;
				DEVELOPMENT_TEAM = VH3AKZVZUW;
				GENERATE_INFOPLIST_FILE = YES;
				MARKETING_VERSION = 1.0;
				PRODUCT_BUNDLE_IDENTIFIER = com.beckkhamitov.NewsDigestAppUITests;
				PRODUCT_NAME = "$(TARGET_NAME)";
				SWIFT_EMIT_LOC_STRINGS = NO;
				SWIFT_VERSION = 5.0;
				TARGETED_DEVICE_FAMILY = "1,2";
				TEST_TARGET_NAME = NewsDigestApp;
			};
			name = Debug;
		};
		3530E65C2CE3B94D00456A0F /* Release */ = {
			isa = XCBuildConfiguration;
			buildSettings = {
				CODE_SIGN_STYLE = Automatic;
				CURRENT_PROJECT_VERSION = 1;
				DEVELOPMENT_TEAM = VH3AKZVZUW;
				GENERATE_INFOPLIST_FILE = YES;
				MARKETING_VERSION = 1.0;
				PRODUCT_BUNDLE_IDENTIFIER = com.beckkhamitov.NewsDigestAppUITests;
				PRODUCT_NAME = "$(TARGET_NAME)";
				SWIFT_EMIT_LOC_STRINGS = NO;
				SWIFT_VERSION = 5.0;
				TARGETED_DEVICE_FAMILY = "1,2";
				TEST_TARGET_NAME = NewsDigestApp;
			};
			name = Release;
		};
/* End XCBuildConfiguration section */

/* Begin XCConfigurationList section */
		3530E62B2CE3B94B00456A0F /* Build configuration list for PBXProject "NewsDigestApp" */ = {
			isa = XCConfigurationList;
			buildConfigurations = (
				3530E6522CE3B94D00456A0F /* Debug */,
				3530E6532CE3B94D00456A0F /* Release */,
			);
			defaultConfigurationIsVisible = 0;
			defaultConfigurationName = Release;
		};
		3530E6542CE3B94D00456A0F /* Build configuration list for PBXNativeTarget "NewsDigestApp" */ = {
			isa = XCConfigurationList;
			buildConfigurations = (
				3530E6552CE3B94D00456A0F /* Debug */,
				3530E6562CE3B94D00456A0F /* Release */,
			);
			defaultConfigurationIsVisible = 0;
			defaultConfigurationName = Release;
		};
		3530E6572CE3B94D00456A0F /* Build configuration list for PBXNativeTarget "NewsDigestAppTests" */ = {
			isa = XCConfigurationList;
			buildConfigurations = (
				3530E6582CE3B94D00456A0F /* Debug */,
				3530E6592CE3B94D00456A0F /* Release */,
			);
			defaultConfigurationIsVisible = 0;
			defaultConfigurationName = Release;
		};
		3530E65A2CE3B94D00456A0F /* Build configuration list for PBXNativeTarget "NewsDigestAppUITests" */ = {
			isa = XCConfigurationList;
			buildConfigurations = (
				3530E65B2CE3B94D00456A0F /* Debug */,
				3530E65C2CE3B94D00456A0F /* Release */,
			);
			defaultConfigurationIsVisible = 0;
			defaultConfigurationName = Release;
		};
/* End XCConfigurationList section */
	};
	rootObject = 3530E6282CE3B94B00456A0F /* Project object */;
}
